<Solution>
  <Folder Name="/1_DataAccess/">
    <Project Path="DataAccess/DataAccess.csproj" />
  </Folder>
  <Folder Name="/1_DataAccess/Script database/" />
  <Folder Name="/1_DataAccess/Script database/exampleclassSp/">
    <File Path="example.sql" />
  </Folder>
  <Folder Name="/2_AppCore/">
    <Project Path="AppCore/AppCore.csproj" />
  </Folder>
  <Folder Name="/3_WebApi/">
    <Project Path="WebApi/WebApi.csproj" />
  </Folder>
  <Folder Name="/4_WebApp/">
    <Project Path="WebApp/WebApp.csproj" />
  </Folder>
  <Folder Name="/99_Dev_Test/">
    <Project Path="ConsoleApp_DevTesting/ConsoleApp_DevTesting.csproj" />
  </Folder>
  <Folder Name="/Entidades-DTOs/">
    <Project Path="classLib/classLib.csproj" />
  </Folder>
</Solution>
