<Solution>
  <Folder Name="/0_Entities-DTOs/">
    <Project Path="classLib/Entities-DTOs.csproj" />
  </Folder>
  <Folder Name="/1_DataAccess/">
    <Project Path="DataAccess/DataAccess.csproj" />
  </Folder>
  <Folder Name="/1_DataAccess/Script database/" />
  <Folder Name="/1_DataAccess/Script database/ValidacionUsuario/">
    <File Path="sp_RegistrarUsuario.sql" />
    <File Path="sp_ValidarUsuario.sql" />
  </Folder>
  <Folder Name="/2_AppCore/">
    <Project Path="AppCore/AppCore.csproj" />
  </Folder>
  <Folder Name="/3_WebApi/">
    <Project Path="WebApi/WebApi.csproj" />
  </Folder>
  <Folder Name="/4_WebApp/">
    <Project Path="WebApp/WebApp.csproj" />
  </Folder>
  <Folder Name="/99_Dev_Test/">
    <Project Path="ConsoleApp_DevTesting/ConsoleApp_DevTesting.csproj" />
  </Folder>
</Solution>
